
Microsoft Visual Studio Solution File, Format Version 12.00
# Visual Studio Version 17
VisualStudioVersion = 17.9.34607.119
MinimumVisualStudioVersion = 10.0.40219.1
Project("{FAE04EC0-301F-11D3-BF4B-00C04F79EFBC}") = "SocialMedia-Frontend", "SocialMedia-Frontend.csproj", "{5D24AED9-E28D-4CDF-9039-F880FC7CBFBE}"
EndProject
Global
	GlobalSection(SolutionConfigurationPlatforms) = preSolution
		Debug|Any CPU = Debug|Any CPU
		Release|Any CPU = Release|Any CPU
	EndGlobalSection
	GlobalSection(ProjectConfigurationPlatforms) = postSolution
		{5D24AED9-E28D-4CDF-9039-F880FC7CBFBE}.Debug|Any CPU.ActiveCfg = Debug|Any CPU
		{5D24AED9-E28D-4CDF-9039-F880FC7CBFBE}.Debug|Any CPU.Build.0 = Debug|Any CPU
		{5D24AED9-E28D-4CDF-9039-F880FC7CBFBE}.Release|Any CPU.ActiveCfg = Release|Any CPU
		{5D24AED9-E28D-4CDF-9039-F880FC7CBFBE}.Release|Any CPU.Build.0 = Release|Any CPU
	EndGlobalSection
	GlobalSection(SolutionProperties) = preSolution
		HideSolutionNode = FALSE
	EndGlobalSection
	GlobalSection(ExtensibilityGlobals) = postSolution
		SolutionGuid = {DB348D7B-3805-4077-AB34-04E00F0CABF2}
	EndGlobalSection
EndGlobal
